{
    "_meta": {
        "hash": {
            "sha256": "baf97972c2d8fb045c6179cb067c9e54f41880bba3a5dfa43cfaa792686c2844"
        },
        "requires": {},
        "sources": [
            {
                "url": "https://pypi.python.org/simple",
                "verify_ssl": true
            }
        ]
    },
    "default": {
        "click": {
            "hash": "sha256:561a954a8740f1fc9c101679f43f3b75499192de1c44fbc05a5c27877047a76f",
            "version": "==6.0"
        },
        "sappy": {
            "hash": "sha256:c35e4e21cc618d5a3b19722ff421e9c827a60d1d1752f257777338063733a29f",
            "version": "==1.1"
        }
    },
    "develop": {
        "Jinja2": {
            "hash": "sha256:2231bace0dfd8d2bf1e5d7e41239c06c9e0ded46e70cc1094a0aa64b0afeb054",
            "version": "==2.9.6"
        },
        "Markdown": {
            "hash": "sha256:0ac8a81e658167da95d063a9279c9c1b2699f37c7c4153256a458b3a43860e33",
            "version": "==2.6.8"
        },
        "MarkupSafe": {
            "hash": "sha256:a6be69091dac236ea9c6bc7d012beab42010fa914c459791d627dad4910eb665",
            "version": "==1.0"
        },
        "PyInstaller": {
            "hash": "sha256:f08ca806bc26e62034bca181a4b85de22568a3d39bdb062f05927c6e86c2a48c",
            "version": "==3.2.1"
        },
        "PyYAML": {
            "hash": "sha256:592766c6303207a20efc445587778322d7f73b161bd994f227adaa341ba212ab",
            "version": "==3.12"
        },
        "Pygments": {
            "hash": "sha256:78f3f434bcc5d6ee09020f92ba487f95ba50f1e3ef83ae96b9d5ffa1bab25c5d",
            "version": "==2.2.0"
        },
        "appdirs": {
            "hash": "sha256:d8b24664561d0d34ddfaec54636d502d7cea6e29c3eaf68f3df6180863e2166e",
            "version": "==1.4.3"
        },
        "args": {
            "hash": "sha256:a785b8d837625e9b61c39108532d95b85274acd679693b71ebb5156848fcf814",
            "version": "==0.1.0"
        },
        "astroid": {
            "git": "https://github.com/PyCQA/astroid.git",
            "ref": "4e7d9fee4080d2e0db67a3e0463be8b196e56a95"
        },
        "backports.shutil_get_terminal_size": {
            "hash": "sha256:0975ba55054c15e346944b38956a4c9cbee9009391e41b86c68990effb8c1f64",
            "version": "==1.0.0"
        },
        "click": {
            "hash": "sha256:29f99fc6125fbc931b758dc053b3114e55c77a6e4c6c3a2674a2dc986016381d",
            "version": "==6.7"
        },
        "clint": {
            "hash": "sha256:05224c32b1075563d0b16d0015faaf9da43aa214e4a2140e51f08789e7a4c5aa",
            "version": "==0.5.1"
        },
        "colorama": {
            "hash": "sha256:a4c0f5bc358a62849653471e309dcc991223cf86abafbec17cd8f41327279e89",
            "version": "==0.3.7"
        },
        "cov-core": {
            "hash": "sha256:4a14c67d520fda9d42b0da6134638578caae1d374b9bb462d8de00587dba764c",
            "version": "==1.15.0"
        },
        "coverage": {
            "hash": "sha256:57c0c217270e628380f4befbbf8c5312b88ba7d81fd3d1b2218a25a2608f603c",
            "version": "==4.3.4"
        },
        "coverage.space": {
            "hash": "sha256:54f0e5bf3cfec621b5625969351207f937668bea9159a4c635f722c997bfe546",
            "version": "==0.8"
        },
        "docopt": {
            "hash": "sha256:49b3a825280bd66b3aa83585ef59c4a8c82f2c8a522dbe754a8bc8d08c85c491",
            "version": "==0.6.2"
        },
        "docutils": {
            "hash": "sha256:cb3ebcb09242804f84bdbf0b26504077a054da6772c6f4d625f335cc53ebf94d",
            "version": "==0.13.1"
        },
        "expecter": {
            "hash": "sha256:4d2cab9d9c80620456231106b989c9a6c70f8f7f3a9725a6644097bd3017705a",
            "version": "==0.3.0"
        },
        "livereload": {
            "hash": "sha256:422de10d7ea9467a1ba27cbaffa84c74b809d96fb1598d9de4b9b676adf35e2c",
            "version": "==2.5.1"
        },
        "mkdocs": {
            "hash": "sha256:005b87441084aacd67ada15843c4ed2746bf324103a5bd94c02d36d9b307310f",
            "version": "==0.16.3"
        },
        "nose": {
            "hash": "sha256:9ff7c6cc443f8c51994b34a667bbcf45afd6d945be7477b52e97516fd17c53ac",
            "version": "==1.3.7"
        },
        "nose-capturestderr": {
            "hash": "sha256:3a9d3986f44490a1286d9eacd66879dbb059b575f6660a228b2051a8617a89ab",
            "version": "==1.2"
        },
        "nose-cov": {
            "hash": "sha256:8bec0335598f1cc69e3262cc50d7678c1a6010fa44625ce343c4ec1500774412",
            "version": "==1.6"
        },
        "nose-show-skipped": {
            "hash": "sha256:a202f9c4b35107e9e1d6d8438eff4a930cb31a7e17517a69b319448f136815ce",
            "version": "==0.1"
        },
        "packaging": {
            "hash": "sha256:99276dc6e3a7851f32027a68f1095cd3f77c148091b092ea867a351811cfe388",
            "version": "==16.8"
        },
        "pkginfo": {
            "hash": "sha256:31a49103180ae1518b65d3f4ce09c784e2bc54e338197668b4fb7dc539521024",
            "version": "==1.4.1"
        },
        "pycodestyle": {
            "hash": "sha256:6c4245ade1edfad79c3446fadfc96b0de2759662dc29d07d80a6f27ad1ca6ba9",
            "version": "==2.3.1"
        },
        "pydocstyle": {
            "hash": "sha256:20939fb9c2d61a9870449573d9ed762ec040c764b2241bec22c5ea956b9caf90",
            "version": "==1.1.1"
        },
        "pylint": {
            "git": "https://github.com/PyCQA/pylint.git",
            "ref": "e0fdd25c214e60bef10fbaa46252f4aaa74de8c2"
        },
        "pyparsing": {
            "hash": "sha256:fee43f17a9c4087e7ed1605bd6df994c6173c1e977d7ade7b651292fab2bd010",
            "version": "==2.2.0"
        },
        "python-termstyle": {
            "hash": "sha256:f42a6bb16fbfc5e2c66d553e7ad46524ea833872f75ee5d827c15115fafc94e2",
            "version": "==0.1.10"
        },
        "requests": {
            "hash": "sha256:1a720e8862a41aa22e339373b526f508ef0c8988baf48b84d3fc891a8e237efb",
            "version": "==2.13.0"
        },
        "requests-toolbelt": {
            "hash": "sha256:17077c6876338ba4101b6e9ab6ba925da970387a7a7eab91d28eed8d25da01f0",
            "version": "==0.7.1"
        },
        "setuptools": {
            "hash": "sha256:33a7b7910651bea57164c6c6dd66a2b1c5196c0f78ee2ff7319ce7bd031714c0",
            "version": "==35.0.1"
        },
        "six": {
            "hash": "sha256:0ff78c403d9bccf5a425a6d31a12aa6b47f1c21ca4dc2573a7e2f32a97335eb1",
            "version": "==1.10.0"
        },
        "sniffer": {
            "hash": "sha256:e8a0daa4c51dff3d00482b45dc9b978159100a8d5a7df327c28ed96586559970",
            "version": "==0.4.0"
        },
        "tornado": {
            "hash": "sha256:8861cce3c081557cfca2623507290ed647978ea275c29e2e3dfeeb63ca61e855",
            "version": "==4.5"
        },
        "twine": {
            "hash": "sha256:3202d943a144962a821d9c5e92e07f9442dbbe6d6f18eae74e2a725b9980c559",
            "version": "==1.8.1"
        },
        "wheel": {
            "hash": "sha256:ea8033fc9905804e652f75474d33410a07404c1a78dd3c949a66863bd1050ebd",
            "version": "==0.29.0"
        }
    }
}